{
  "name": "plyawright_test",
  "version": "1.0.0",
  "lockfileVersion": 1,
  "requires": true,
  "dependencies": {
    "@playwright/test": {
      "version": "1.25.0",
      "resolved": "https://registry.npmjs.org/@playwright/test/-/test-1.25.0.tgz",
      "integrity": "sha512-j4EZhTTQI3dBeWblE21EV//swwmBtOpIrLdOIJIRv4uqsLdHgBg1z+JtTg+AeC5o2bAXIE26kDNW5A0TimG8Bg==",
      "dev": true,
      "requires": {
        "@types/node": "*",
        "playwright-core": "1.25.0"
      },
      "dependencies": {
        "playwright-core": {
          "version": "1.25.0",
          "resolved": "https://registry.npmjs.org/playwright-core/-/playwright-core-1.25.0.tgz",
          "integrity": "sha512-kZ3Jwaf3wlu0GgU0nB8UMQ+mXFTqBIFz9h1svTlNduNKjnbPXFxw7mJanLVjqxHJRn62uBfmgBj93YHidk2N5Q==",
          "dev": true
        }
      }
    },
    "@types/node": {
      "version": "18.7.4",
      "resolved": "https://registry.npmjs.org/@types/node/-/node-18.7.4.tgz",
      "integrity": "sha512-RzRcw8c0B8LzryWOR4Wj7YOTFXvdYKwvrb6xQQyuDfnlTxwYXGCV5RZ/TEbq5L5kn+w3rliHAUyRcG1RtbmTFg==",
      "dev": true
    },
    "playwright": {
      "version": "1.25.0",
      "resolved": "https://registry.npmjs.org/playwright/-/playwright-1.25.0.tgz",
      "integrity": "sha512-Z+pQNWI17Qx/tHhnmgMmPsptsisXpKgAnUvYv98kctlHUJaqMt2400P8kTw9vEPoC0xdxqu0JhxO7pDTmaaIKw==",
      "requires": {
        "playwright-core": "1.25.0"
      },
      "dependencies": {
        "playwright-core": {
          "version": "1.25.0",
          "resolved": "https://registry.npmjs.org/playwright-core/-/playwright-core-1.25.0.tgz",
          "integrity": "sha512-kZ3Jwaf3wlu0GgU0nB8UMQ+mXFTqBIFz9h1svTlNduNKjnbPXFxw7mJanLVjqxHJRn62uBfmgBj93YHidk2N5Q=="
        }
      }
    }
  }
}
